
Microsoft Visual Studio Solution File, Format Version 12.00
# Visual Studio Version 17
VisualStudioVersion = 17.9.34622.214
MinimumVisualStudioVersion = 10.0.40219.1
Project("{FAE04EC0-301F-11D3-BF4B-00C04F79EFBC}") = "BPMN-Anomaly-Inspector", "BPMN-Anomaly-Inspector\BPMN-Anomaly-Inspector.csproj", "{9DD1392D-28FE-4CFD-8374-E44C898485CD}"
EndProject
Global
	GlobalSection(SolutionConfigurationPlatforms) = preSolution
		Debug|Any CPU = Debug|Any CPU
		Release|Any CPU = Release|Any CPU
	EndGlobalSection
	GlobalSection(ProjectConfigurationPlatforms) = postSolution
		{9DD1392D-28FE-4CFD-8374-E44C898485CD}.Debug|Any CPU.ActiveCfg = Debug|Any CPU
		{9DD1392D-28FE-4CFD-8374-E44C898485CD}.Debug|Any CPU.Build.0 = Debug|Any CPU
		{9DD1392D-28FE-4CFD-8374-E44C898485CD}.Release|Any CPU.ActiveCfg = Release|Any CPU
		{9DD1392D-28FE-4CFD-8374-E44C898485CD}.Release|Any CPU.Build.0 = Release|Any CPU
	EndGlobalSection
	GlobalSection(SolutionProperties) = preSolution
		HideSolutionNode = FALSE
	EndGlobalSection
	GlobalSection(ExtensibilityGlobals) = postSolution
		SolutionGuid = {140CE59C-930F-45BB-8F93-BCBFAFD5C26E}
	EndGlobalSection
EndGlobal
