
Microsoft Visual Studio Solution File, Format Version 12.00
# Visual Studio Version 17
VisualStudioVersion = 17.9.34622.214
MinimumVisualStudioVersion = 10.0.40219.1
Project("{9A19103F-16F7-4668-BE54-9A1E7A4F7556}") = "BPMN-Anomaly-Inspector", "BPMN-Anomaly-Inspector\BPMN-Anomaly-Inspector.csproj", "{9DD1392D-28FE-4CFD-8374-E44C898485CD}"
EndProject
Project("{9A19103F-16F7-4668-BE54-9A1E7A4F7556}") = "AnomalyDection.Core", "AnomalyDection.Core\AnomalyDection.Core.csproj", "{FC0D3EB0-A926-4E5F-92FB-6E4FA665F2EC}"
EndProject
Project("{2150E333-8FDC-42A3-9474-1A3956D46DE8}") = "Solution Items", "Solution Items", "{98F971E3-D89B-4DD2-A01E-C7EE3884D301}"
	ProjectSection(SolutionItems) = preProject
		PlugInCamunda.txt = PlugInCamunda.txt
	EndProjectSection
EndProject
Global
	GlobalSection(SolutionConfigurationPlatforms) = preSolution
		Debug|Any CPU = Debug|Any CPU
		Release|Any CPU = Release|Any CPU
	EndGlobalSection
	GlobalSection(ProjectConfigurationPlatforms) = postSolution
		{9DD1392D-28FE-4CFD-8374-E44C898485CD}.Debug|Any CPU.ActiveCfg = Debug|Any CPU
		{9DD1392D-28FE-4CFD-8374-E44C898485CD}.Debug|Any CPU.Build.0 = Debug|Any CPU
		{9DD1392D-28FE-4CFD-8374-E44C898485CD}.Release|Any CPU.ActiveCfg = Release|Any CPU
		{9DD1392D-28FE-4CFD-8374-E44C898485CD}.Release|Any CPU.Build.0 = Release|Any CPU
		{FC0D3EB0-A926-4E5F-92FB-6E4FA665F2EC}.Debug|Any CPU.ActiveCfg = Debug|Any CPU
		{FC0D3EB0-A926-4E5F-92FB-6E4FA665F2EC}.Debug|Any CPU.Build.0 = Debug|Any CPU
		{FC0D3EB0-A926-4E5F-92FB-6E4FA665F2EC}.Release|Any CPU.ActiveCfg = Release|Any CPU
		{FC0D3EB0-A926-4E5F-92FB-6E4FA665F2EC}.Release|Any CPU.Build.0 = Release|Any CPU
	EndGlobalSection
	GlobalSection(SolutionProperties) = preSolution
		HideSolutionNode = FALSE
	EndGlobalSection
	GlobalSection(ExtensibilityGlobals) = postSolution
		SolutionGuid = {140CE59C-930F-45BB-8F93-BCBFAFD5C26E}
	EndGlobalSection
EndGlobal
